// !$*UTF8*$!
{
	archiveVersion = 1;
	classes = {
	};
	objectVersion = 48;
	objects = {

/* Begin PBXBuildFile section */
		5737BAF72045168500F31FDB /* MessageTableViewCell.swift in Sources */ = {isa = PBXBuildFile; fileRef = 5737BAF62045168500F31FDB /* MessageTableViewCell.swift */; };
		5737BAF9204518F900F31FDB /* Message.swift in Sources */ = {isa = PBXBuildFile; fileRef = 5737BAF8204518F900F31FDB /* Message.swift */; };
		5737BAFB20451A7100F31FDB /* MessageHandler.swift in Sources */ = {isa = PBXBuildFile; fileRef = 5737BAFA20451A7100F31FDB /* MessageHandler.swift */; };
		573E20032049F14F00A33A87 /* Chore.swift in Sources */ = {isa = PBXBuildFile; fileRef = 573E20022049F14F00A33A87 /* Chore.swift */; };
		573E20052049F80B00A33A87 /* ChoreHandler.swift in Sources */ = {isa = PBXBuildFile; fileRef = 573E20042049F80B00A33A87 /* ChoreHandler.swift */; };
		573E2007204BB9DF00A33A87 /* ChoreTableViewCell.swift in Sources */ = {isa = PBXBuildFile; fileRef = 573E2006204BB9DF00A33A87 /* ChoreTableViewCell.swift */; };
		573E2009204BD65300A33A87 /* AddChoreViewController.swift in Sources */ = {isa = PBXBuildFile; fileRef = 573E2008204BD65300A33A87 /* AddChoreViewController.swift */; };
		5745ACBB20449E07000A880B /* ChatViewController.swift in Sources */ = {isa = PBXBuildFile; fileRef = 5745ACBA20449E07000A880B /* ChatViewController.swift */; };
		5745ACBD2045BC54000A880B /* Comet.swift in Sources */ = {isa = PBXBuildFile; fileRef = 5745ACBC2045BC54000A880B /* Comet.swift */; };
		5745ACBF2045CF9D000A880B /* HttpHandler.swift in Sources */ = {isa = PBXBuildFile; fileRef = 5745ACBE2045CF9D000A880B /* HttpHandler.swift */; };
		5768866B202E21EC001FBE75 /* AppDelegate.swift in Sources */ = {isa = PBXBuildFile; fileRef = 5768866A202E21EC001FBE75 /* AppDelegate.swift */; };
		57688670202E21EC001FBE75 /* Main.storyboard in Resources */ = {isa = PBXBuildFile; fileRef = 5768866E202E21EC001FBE75 /* Main.storyboard */; };
		57688672202E21EC001FBE75 /* Assets.xcassets in Resources */ = {isa = PBXBuildFile; fileRef = 57688671202E21EC001FBE75 /* Assets.xcassets */; };
		57688675202E21EC001FBE75 /* LaunchScreen.storyboard in Resources */ = {isa = PBXBuildFile; fileRef = 57688673202E21EC001FBE75 /* LaunchScreen.storyboard */; };
		57688680202E21ED001FBE75 /* ChillZoneTests.swift in Sources */ = {isa = PBXBuildFile; fileRef = 5768867F202E21ED001FBE75 /* ChillZoneTests.swift */; };
		5768868B202E21ED001FBE75 /* ChillZoneUITests.swift in Sources */ = {isa = PBXBuildFile; fileRef = 5768868A202E21ED001FBE75 /* ChillZoneUITests.swift */; };
		57688699202E2862001FBE75 /* LoginViewController.swift in Sources */ = {isa = PBXBuildFile; fileRef = 57688698202E2862001FBE75 /* LoginViewController.swift */; };
		5768869B202E2A36001FBE75 /* User.swift in Sources */ = {isa = PBXBuildFile; fileRef = 5768869A202E2A36001FBE75 /* User.swift */; };
		5768869D202E3076001FBE75 /* LightsViewController.swift in Sources */ = {isa = PBXBuildFile; fileRef = 5768869C202E3076001FBE75 /* LightsViewController.swift */; };
		5768869F202E3081001FBE75 /* MenuViewController.swift in Sources */ = {isa = PBXBuildFile; fileRef = 5768869E202E3081001FBE75 /* MenuViewController.swift */; };
		576886A1202E35C2001FBE75 /* Preset.swift in Sources */ = {isa = PBXBuildFile; fileRef = 576886A0202E35C2001FBE75 /* Preset.swift */; };
		576886A3202E36D6001FBE75 /* LightHandler.swift in Sources */ = {isa = PBXBuildFile; fileRef = 576886A2202E36D6001FBE75 /* LightHandler.swift */; };
		576886A5202E3783001FBE75 /* LightsTableViewCell.swift in Sources */ = {isa = PBXBuildFile; fileRef = 576886A4202E3783001FBE75 /* LightsTableViewCell.swift */; };
		577E5201203D64AA002D65A8 /* IPManager.swift in Sources */ = {isa = PBXBuildFile; fileRef = 577E5200203D64AA002D65A8 /* IPManager.swift */; };
		578BD36E202EB07000D26653 /* PeopleTableViewController.swift in Sources */ = {isa = PBXBuildFile; fileRef = 578BD36D202EB07000D26653 /* PeopleTableViewController.swift */; };
		578BD370202EB0C200D26653 /* PeopleTableViewCell.swift in Sources */ = {isa = PBXBuildFile; fileRef = 578BD36F202EB0C200D26653 /* PeopleTableViewCell.swift */; };
		57E528102044F3E100AED835 /* PeopleDetailViewController.swift in Sources */ = {isa = PBXBuildFile; fileRef = 57E5280F2044F3E100AED835 /* PeopleDetailViewController.swift */; };
/* End PBXBuildFile section */

/* Begin PBXContainerItemProxy section */
		5768867C202E21ED001FBE75 /* PBXContainerItemProxy */ = {
			isa = PBXContainerItemProxy;
			containerPortal = 5768865F202E21EC001FBE75 /* Project object */;
			proxyType = 1;
			remoteGlobalIDString = 57688666202E21EC001FBE75;
			remoteInfo = ChillZone;
		};
		57688687202E21ED001FBE75 /* PBXContainerItemProxy */ = {
			isa = PBXContainerItemProxy;
			containerPortal = 5768865F202E21EC001FBE75 /* Project object */;
			proxyType = 1;
			remoteGlobalIDString = 57688666202E21EC001FBE75;
			remoteInfo = ChillZone;
		};
/* End PBXContainerItemProxy section */

/* Begin PBXFileReference section */
		5737BAF62045168500F31FDB /* MessageTableViewCell.swift */ = {isa = PBXFileReference; lastKnownFileType = sourcecode.swift; path = MessageTableViewCell.swift; sourceTree = "<group>"; };
		5737BAF8204518F900F31FDB /* Message.swift */ = {isa = PBXFileReference; lastKnownFileType = sourcecode.swift; path = Message.swift; sourceTree = "<group>"; };
		5737BAFA20451A7100F31FDB /* MessageHandler.swift */ = {isa = PBXFileReference; lastKnownFileType = sourcecode.swift; path = MessageHandler.swift; sourceTree = "<group>"; };
		573E20022049F14F00A33A87 /* Chore.swift */ = {isa = PBXFileReference; lastKnownFileType = sourcecode.swift; path = Chore.swift; sourceTree = "<group>"; };
		573E20042049F80B00A33A87 /* ChoreHandler.swift */ = {isa = PBXFileReference; lastKnownFileType = sourcecode.swift; path = ChoreHandler.swift; sourceTree = "<group>"; };
		573E2006204BB9DF00A33A87 /* ChoreTableViewCell.swift */ = {isa = PBXFileReference; lastKnownFileType = sourcecode.swift; path = ChoreTableViewCell.swift; sourceTree = "<group>"; };
		573E2008204BD65300A33A87 /* AddChoreViewController.swift */ = {isa = PBXFileReference; lastKnownFileType = sourcecode.swift; path = AddChoreViewController.swift; sourceTree = "<group>"; };
		5745ACBA20449E07000A880B /* ChatViewController.swift */ = {isa = PBXFileReference; lastKnownFileType = sourcecode.swift; path = ChatViewController.swift; sourceTree = "<group>"; };
		5745ACBC2045BC54000A880B /* Comet.swift */ = {isa = PBXFileReference; lastKnownFileType = sourcecode.swift; path = Comet.swift; sourceTree = "<group>"; };
		5745ACBE2045CF9D000A880B /* HttpHandler.swift */ = {isa = PBXFileReference; lastKnownFileType = sourcecode.swift; path = HttpHandler.swift; sourceTree = "<group>"; };
		57688667202E21EC001FBE75 /* ChillZone.app */ = {isa = PBXFileReference; explicitFileType = wrapper.application; includeInIndex = 0; path = ChillZone.app; sourceTree = BUILT_PRODUCTS_DIR; };
		5768866A202E21EC001FBE75 /* AppDelegate.swift */ = {isa = PBXFileReference; lastKnownFileType = sourcecode.swift; path = AppDelegate.swift; sourceTree = "<group>"; };
		5768866F202E21EC001FBE75 /* Base */ = {isa = PBXFileReference; lastKnownFileType = file.storyboard; name = Base; path = Base.lproj/Main.storyboard; sourceTree = "<group>"; };
		57688671202E21EC001FBE75 /* Assets.xcassets */ = {isa = PBXFileReference; lastKnownFileType = folder.assetcatalog; path = Assets.xcassets; sourceTree = "<group>"; };
		57688674202E21EC001FBE75 /* Base */ = {isa = PBXFileReference; lastKnownFileType = file.storyboard; name = Base; path = Base.lproj/LaunchScreen.storyboard; sourceTree = "<group>"; };
		57688676202E21EC001FBE75 /* Info.plist */ = {isa = PBXFileReference; lastKnownFileType = text.plist.xml; path = Info.plist; sourceTree = "<group>"; };
		5768867B202E21ED001FBE75 /* ChillZoneTests.xctest */ = {isa = PBXFileReference; explicitFileType = wrapper.cfbundle; includeInIndex = 0; path = ChillZoneTests.xctest; sourceTree = BUILT_PRODUCTS_DIR; };
		5768867F202E21ED001FBE75 /* ChillZoneTests.swift */ = {isa = PBXFileReference; lastKnownFileType = sourcecode.swift; path = ChillZoneTests.swift; sourceTree = "<group>"; };
		57688681202E21ED001FBE75 /* Info.plist */ = {isa = PBXFileReference; lastKnownFileType = text.plist.xml; path = Info.plist; sourceTree = "<group>"; };
		57688686202E21ED001FBE75 /* ChillZoneUITests.xctest */ = {isa = PBXFileReference; explicitFileType = wrapper.cfbundle; includeInIndex = 0; path = ChillZoneUITests.xctest; sourceTree = BUILT_PRODUCTS_DIR; };
		5768868A202E21ED001FBE75 /* ChillZoneUITests.swift */ = {isa = PBXFileReference; lastKnownFileType = sourcecode.swift; path = ChillZoneUITests.swift; sourceTree = "<group>"; };
		5768868C202E21ED001FBE75 /* Info.plist */ = {isa = PBXFileReference; lastKnownFileType = text.plist.xml; path = Info.plist; sourceTree = "<group>"; };
		57688698202E2862001FBE75 /* LoginViewController.swift */ = {isa = PBXFileReference; lastKnownFileType = sourcecode.swift; path = LoginViewController.swift; sourceTree = "<group>"; };
		5768869A202E2A36001FBE75 /* User.swift */ = {isa = PBXFileReference; lastKnownFileType = sourcecode.swift; path = User.swift; sourceTree = "<group>"; };
		5768869C202E3076001FBE75 /* LightsViewController.swift */ = {isa = PBXFileReference; lastKnownFileType = sourcecode.swift; path = LightsViewController.swift; sourceTree = "<group>"; };
		5768869E202E3081001FBE75 /* MenuViewController.swift */ = {isa = PBXFileReference; lastKnownFileType = sourcecode.swift; path = MenuViewController.swift; sourceTree = "<group>"; };
		576886A0202E35C2001FBE75 /* Preset.swift */ = {isa = PBXFileReference; lastKnownFileType = sourcecode.swift; path = Preset.swift; sourceTree = "<group>"; };
		576886A2202E36D6001FBE75 /* LightHandler.swift */ = {isa = PBXFileReference; lastKnownFileType = sourcecode.swift; path = LightHandler.swift; sourceTree = "<group>"; };
		576886A4202E3783001FBE75 /* LightsTableViewCell.swift */ = {isa = PBXFileReference; lastKnownFileType = sourcecode.swift; path = LightsTableViewCell.swift; sourceTree = "<group>"; };
		577E5200203D64AA002D65A8 /* IPManager.swift */ = {isa = PBXFileReference; lastKnownFileType = sourcecode.swift; path = IPManager.swift; sourceTree = "<group>"; };
		578BD36D202EB07000D26653 /* PeopleTableViewController.swift */ = {isa = PBXFileReference; lastKnownFileType = sourcecode.swift; path = PeopleTableViewController.swift; sourceTree = "<group>"; };
		578BD36F202EB0C200D26653 /* PeopleTableViewCell.swift */ = {isa = PBXFileReference; lastKnownFileType = sourcecode.swift; path = PeopleTableViewCell.swift; sourceTree = "<group>"; };
		57E5280F2044F3E100AED835 /* PeopleDetailViewController.swift */ = {isa = PBXFileReference; lastKnownFileType = sourcecode.swift; path = PeopleDetailViewController.swift; sourceTree = "<group>"; };
/* End PBXFileReference section */

/* Begin PBXFrameworksBuildPhase section */
		57688664202E21EC001FBE75 /* Frameworks */ = {
			isa = PBXFrameworksBuildPhase;
			buildActionMask = 2147483647;
			files = (
			);
			runOnlyForDeploymentPostprocessing = 0;
		};
		57688678202E21ED001FBE75 /* Frameworks */ = {
			isa = PBXFrameworksBuildPhase;
			buildActionMask = 2147483647;
			files = (
			);
			runOnlyForDeploymentPostprocessing = 0;
		};
		57688683202E21ED001FBE75 /* Frameworks */ = {
			isa = PBXFrameworksBuildPhase;
			buildActionMask = 2147483647;
			files = (
			);
			runOnlyForDeploymentPostprocessing = 0;
		};
/* End PBXFrameworksBuildPhase section */

/* Begin PBXGroup section */
		5768865E202E21EC001FBE75 = {
			isa = PBXGroup;
			children = (
				57688669202E21EC001FBE75 /* ChillZone */,
				5768867E202E21ED001FBE75 /* ChillZoneTests */,
				57688689202E21ED001FBE75 /* ChillZoneUITests */,
				57688668202E21EC001FBE75 /* Products */,
			);
			sourceTree = "<group>";
		};
		57688668202E21EC001FBE75 /* Products */ = {
			isa = PBXGroup;
			children = (
				57688667202E21EC001FBE75 /* ChillZone.app */,
				5768867B202E21ED001FBE75 /* ChillZoneTests.xctest */,
				57688686202E21ED001FBE75 /* ChillZoneUITests.xctest */,
			);
			name = Products;
			sourceTree = "<group>";
		};
		57688669202E21EC001FBE75 /* ChillZone */ = {
			isa = PBXGroup;
			children = (
				5745ACBC2045BC54000A880B /* Comet.swift */,
				576886A0202E35C2001FBE75 /* Preset.swift */,
				57688698202E2862001FBE75 /* LoginViewController.swift */,
				5768866A202E21EC001FBE75 /* AppDelegate.swift */,
				5768866E202E21EC001FBE75 /* Main.storyboard */,
				573E2008204BD65300A33A87 /* AddChoreViewController.swift */,
				573E2006204BB9DF00A33A87 /* ChoreTableViewCell.swift */,
				5737BAF8204518F900F31FDB /* Message.swift */,
				5737BAF62045168500F31FDB /* MessageTableViewCell.swift */,
				57E5280F2044F3E100AED835 /* PeopleDetailViewController.swift */,
				573E20042049F80B00A33A87 /* ChoreHandler.swift */,
				573E20022049F14F00A33A87 /* Chore.swift */,
				578BD36F202EB0C200D26653 /* PeopleTableViewCell.swift */,
				578BD36D202EB07000D26653 /* PeopleTableViewController.swift */,
				576886A4202E3783001FBE75 /* LightsTableViewCell.swift */,
				576886A2202E36D6001FBE75 /* LightHandler.swift */,
				5768869C202E3076001FBE75 /* LightsViewController.swift */,
				5768869E202E3081001FBE75 /* MenuViewController.swift */,
				5768869A202E2A36001FBE75 /* User.swift */,
				5745ACBE2045CF9D000A880B /* HttpHandler.swift */,
				577E5200203D64AA002D65A8 /* IPManager.swift */,
				5745ACBA20449E07000A880B /* ChatViewController.swift */,
				5737BAFA20451A7100F31FDB /* MessageHandler.swift */,
				57688671202E21EC001FBE75 /* Assets.xcassets */,
				57688673202E21EC001FBE75 /* LaunchScreen.storyboard */,
				57688676202E21EC001FBE75 /* Info.plist */,
			);
			path = ChillZone;
			sourceTree = "<group>";
		};
		5768867E202E21ED001FBE75 /* ChillZoneTests */ = {
			isa = PBXGroup;
			children = (
				5768867F202E21ED001FBE75 /* ChillZoneTests.swift */,
				57688681202E21ED001FBE75 /* Info.plist */,
			);
			path = ChillZoneTests;
			sourceTree = "<group>";
		};
		57688689202E21ED001FBE75 /* ChillZoneUITests */ = {
			isa = PBXGroup;
			children = (
				5768868A202E21ED001FBE75 /* ChillZoneUITests.swift */,
				5768868C202E21ED001FBE75 /* Info.plist */,
			);
			path = ChillZoneUITests;
			sourceTree = "<group>";
		};
/* End PBXGroup section */

/* Begin PBXNativeTarget section */
		57688666202E21EC001FBE75 /* ChillZone */ = {
			isa = PBXNativeTarget;
			buildConfigurationList = 5768868F202E21ED001FBE75 /* Build configuration list for PBXNativeTarget "ChillZone" */;
			buildPhases = (
				57688663202E21EC001FBE75 /* Sources */,
				57688664202E21EC001FBE75 /* Frameworks */,
				57688665202E21EC001FBE75 /* Resources */,
			);
			buildRules = (
			);
			dependencies = (
			);
			name = ChillZone;
			productName = ChillZone;
			productReference = 57688667202E21EC001FBE75 /* ChillZone.app */;
			productType = "com.apple.product-type.application";
		};
		5768867A202E21ED001FBE75 /* ChillZoneTests */ = {
			isa = PBXNativeTarget;
			buildConfigurationList = 57688692202E21ED001FBE75 /* Build configuration list for PBXNativeTarget "ChillZoneTests" */;
			buildPhases = (
				57688677202E21ED001FBE75 /* Sources */,
				57688678202E21ED001FBE75 /* Frameworks */,
				57688679202E21ED001FBE75 /* Resources */,
			);
			buildRules = (
			);
			dependencies = (
				5768867D202E21ED001FBE75 /* PBXTargetDependency */,
			);
			name = ChillZoneTests;
			productName = ChillZoneTests;
			productReference = 5768867B202E21ED001FBE75 /* ChillZoneTests.xctest */;
			productType = "com.apple.product-type.bundle.unit-test";
		};
		57688685202E21ED001FBE75 /* ChillZoneUITests */ = {
			isa = PBXNativeTarget;
			buildConfigurationList = 57688695202E21ED001FBE75 /* Build configuration list for PBXNativeTarget "ChillZoneUITests" */;
			buildPhases = (
				57688682202E21ED001FBE75 /* Sources */,
				57688683202E21ED001FBE75 /* Frameworks */,
				57688684202E21ED001FBE75 /* Resources */,
			);
			buildRules = (
			);
			dependencies = (
				57688688202E21ED001FBE75 /* PBXTargetDependency */,
			);
			name = ChillZoneUITests;
			productName = ChillZoneUITests;
			productReference = 57688686202E21ED001FBE75 /* ChillZoneUITests.xctest */;
			productType = "com.apple.product-type.bundle.ui-testing";
		};
/* End PBXNativeTarget section */

/* Begin PBXProject section */
		5768865F202E21EC001FBE75 /* Project object */ = {
			isa = PBXProject;
			attributes = {
				LastSwiftUpdateCheck = 0920;
				LastUpgradeCheck = 0920;
				ORGANIZATIONNAME = "David James";
				TargetAttributes = {
					57688666202E21EC001FBE75 = {
						CreatedOnToolsVersion = 9.2;
						ProvisioningStyle = Automatic;
					};
					5768867A202E21ED001FBE75 = {
						CreatedOnToolsVersion = 9.2;
						ProvisioningStyle = Automatic;
						TestTargetID = 57688666202E21EC001FBE75;
					};
					57688685202E21ED001FBE75 = {
						CreatedOnToolsVersion = 9.2;
						ProvisioningStyle = Automatic;
						TestTargetID = 57688666202E21EC001FBE75;
					};
				};
			};
			buildConfigurationList = 57688662202E21EC001FBE75 /* Build configuration list for PBXProject "ChillZone" */;
			compatibilityVersion = "Xcode 8.0";
			developmentRegion = en;
			hasScannedForEncodings = 0;
			knownRegions = (
				en,
				Base,
			);
			mainGroup = 5768865E202E21EC001FBE75;
			productRefGroup = 57688668202E21EC001FBE75 /* Products */;
			projectDirPath = "";
			projectRoot = "";
			targets = (
				57688666202E21EC001FBE75 /* ChillZone */,
				5768867A202E21ED001FBE75 /* ChillZoneTests */,
				57688685202E21ED001FBE75 /* ChillZoneUITests */,
			);
		};
/* End PBXProject section */

/* Begin PBXResourcesBuildPhase section */
		57688665202E21EC001FBE75 /* Resources */ = {
			isa = PBXResourcesBuildPhase;
			buildActionMask = 2147483647;
			files = (
				57688675202E21EC001FBE75 /* LaunchScreen.storyboard in Resources */,
				57688672202E21EC001FBE75 /* Assets.xcassets in Resources */,
				57688670202E21EC001FBE75 /* Main.storyboard in Resources */,
			);
			runOnlyForDeploymentPostprocessing = 0;
		};
		57688679202E21ED001FBE75 /* Resources */ = {
			isa = PBXResourcesBuildPhase;
			buildActionMask = 2147483647;
			files = (
			);
			runOnlyForDeploymentPostprocessing = 0;
		};
		57688684202E21ED001FBE75 /* Resources */ = {
			isa = PBXResourcesBuildPhase;
			buildActionMask = 2147483647;
			files = (
			);
			runOnlyForDeploymentPostprocessing = 0;
		};
/* End PBXResourcesBuildPhase section */

/* Begin PBXSourcesBuildPhase section */
		57688663202E21EC001FBE75 /* Sources */ = {
			isa = PBXSourcesBuildPhase;
			buildActionMask = 2147483647;
			files = (
				578BD370202EB0C200D26653 /* PeopleTableViewCell.swift in Sources */,
				57688699202E2862001FBE75 /* LoginViewController.swift in Sources */,
				5737BAFB20451A7100F31FDB /* MessageHandler.swift in Sources */,
				576886A3202E36D6001FBE75 /* LightHandler.swift in Sources */,
				573E2009204BD65300A33A87 /* AddChoreViewController.swift in Sources */,
				573E20052049F80B00A33A87 /* ChoreHandler.swift in Sources */,
				576886A5202E3783001FBE75 /* LightsTableViewCell.swift in Sources */,
				573E2007204BB9DF00A33A87 /* ChoreTableViewCell.swift in Sources */,
				573E20032049F14F00A33A87 /* Chore.swift in Sources */,
				57E528102044F3E100AED835 /* PeopleDetailViewController.swift in Sources */,
				5768869F202E3081001FBE75 /* MenuViewController.swift in Sources */,
				5768866B202E21EC001FBE75 /* AppDelegate.swift in Sources */,
				5737BAF9204518F900F31FDB /* Message.swift in Sources */,
				5737BAF72045168500F31FDB /* MessageTableViewCell.swift in Sources */,
				577E5201203D64AA002D65A8 /* IPManager.swift in Sources */,
				5768869B202E2A36001FBE75 /* User.swift in Sources */,
				5745ACBB20449E07000A880B /* ChatViewController.swift in Sources */,
				576886A1202E35C2001FBE75 /* Preset.swift in Sources */,
				578BD36E202EB07000D26653 /* PeopleTableViewController.swift in Sources */,
				5768869D202E3076001FBE75 /* LightsViewController.swift in Sources */,
				5745ACBF2045CF9D000A880B /* HttpHandler.swift in Sources */,
				5745ACBD2045BC54000A880B /* Comet.swift in Sources */,
			);
			runOnlyForDeploymentPostprocessing = 0;
		};
		57688677202E21ED001FBE75 /* Sources */ = {
			isa = PBXSourcesBuildPhase;
			buildActionMask = 2147483647;
			files = (
				57688680202E21ED001FBE75 /* ChillZoneTests.swift in Sources */,
			);
			runOnlyForDeploymentPostprocessing = 0;
		};
		57688682202E21ED001FBE75 /* Sources */ = {
			isa = PBXSourcesBuildPhase;
			buildActionMask = 2147483647;
			files = (
				5768868B202E21ED001FBE75 /* ChillZoneUITests.swift in Sources */,
			);
			runOnlyForDeploymentPostprocessing = 0;
		};
/* End PBXSourcesBuildPhase section */

/* Begin PBXTargetDependency section */
		5768867D202E21ED001FBE75 /* PBXTargetDependency */ = {
			isa = PBXTargetDependency;
			target = 57688666202E21EC001FBE75 /* ChillZone */;
			targetProxy = 5768867C202E21ED001FBE75 /* PBXContainerItemProxy */;
		};
		57688688202E21ED001FBE75 /* PBXTargetDependency */ = {
			isa = PBXTargetDependency;
			target = 57688666202E21EC001FBE75 /* ChillZone */;
			targetProxy = 57688687202E21ED001FBE75 /* PBXContainerItemProxy */;
		};
/* End PBXTargetDependency section */

/* Begin PBXVariantGroup section */
		5768866E202E21EC001FBE75 /* Main.storyboard */ = {
			isa = PBXVariantGroup;
			children = (
				5768866F202E21EC001FBE75 /* Base */,
			);
			name = Main.storyboard;
			sourceTree = "<group>";
		};
		57688673202E21EC001FBE75 /* LaunchScreen.storyboard */ = {
			isa = PBXVariantGroup;
			children = (
				57688674202E21EC001FBE75 /* Base */,
			);
			name = LaunchScreen.storyboard;
			sourceTree = "<group>";
		};
/* End PBXVariantGroup section */

/* Begin XCBuildConfiguration section */
		5768868D202E21ED001FBE75 /* Debug */ = {
			isa = XCBuildConfiguration;
			buildSettings = {
				ALWAYS_SEARCH_USER_PATHS = NO;
				CLANG_ANALYZER_NONNULL = YES;
				CLANG_ANALYZER_NUMBER_OBJECT_CONVERSION = YES_AGGRESSIVE;
				CLANG_CXX_LANGUAGE_STANDARD = "gnu++14";
				CLANG_CXX_LIBRARY = "libc++";
				CLANG_ENABLE_MODULES = YES;
				CLANG_ENABLE_OBJC_ARC = YES;
				CLANG_WARN_BLOCK_CAPTURE_AUTORELEASING = YES;
				CLANG_WARN_BOOL_CONVERSION = YES;
				CLANG_WARN_COMMA = YES;
				CLANG_WARN_CONSTANT_CONVERSION = YES;
				CLANG_WARN_DIRECT_OBJC_ISA_USAGE = YES_ERROR;
				CLANG_WARN_DOCUMENTATION_COMMENTS = YES;
				CLANG_WARN_EMPTY_BODY = YES;
				CLANG_WARN_ENUM_CONVERSION = YES;
				CLANG_WARN_INFINITE_RECURSION = YES;
				CLANG_WARN_INT_CONVERSION = YES;
				CLANG_WARN_NON_LITERAL_NULL_CONVERSION = YES;
				CLANG_WARN_OBJC_LITERAL_CONVERSION = YES;
				CLANG_WARN_OBJC_ROOT_CLASS = YES_ERROR;
				CLANG_WARN_RANGE_LOOP_ANALYSIS = YES;
				CLANG_WARN_STRICT_PROTOTYPES = YES;
				CLANG_WARN_SUSPICIOUS_MOVE = YES;
				CLANG_WARN_UNGUARDED_AVAILABILITY = YES_AGGRESSIVE;
				CLANG_WARN_UNREACHABLE_CODE = YES;
				CLANG_WARN__DUPLICATE_METHOD_MATCH = YES;
				CODE_SIGN_IDENTITY = "iPhone Developer";
				COPY_PHASE_STRIP = NO;
				DEBUG_INFORMATION_FORMAT = dwarf;
				ENABLE_STRICT_OBJC_MSGSEND = YES;
				ENABLE_TESTABILITY = YES;
				GCC_C_LANGUAGE_STANDARD = gnu11;
				GCC_DYNAMIC_NO_PIC = NO;
				GCC_NO_COMMON_BLOCKS = YES;
				GCC_OPTIMIZATION_LEVEL = 0;
				GCC_PREPROCESSOR_DEFINITIONS = (
					"DEBUG=1",
					"$(inherited)",
				);
				GCC_WARN_64_TO_32_BIT_CONVERSION = YES;
				GCC_WARN_ABOUT_RETURN_TYPE = YES_ERROR;
				GCC_WARN_UNDECLARED_SELECTOR = YES;
				GCC_WARN_UNINITIALIZED_AUTOS = YES_AGGRESSIVE;
				GCC_WARN_UNUSED_FUNCTION = YES;
				GCC_WARN_UNUSED_VARIABLE = YES;
				IPHONEOS_DEPLOYMENT_TARGET = 11.2;
				MTL_ENABLE_DEBUG_INFO = YES;
				ONLY_ACTIVE_ARCH = YES;
				SDKROOT = iphoneos;
				SWIFT_ACTIVE_COMPILATION_CONDITIONS = DEBUG;
				SWIFT_OPTIMIZATION_LEVEL = "-Onone";
			};
			name = Debug;
		};
		5768868E202E21ED001FBE75 /* Release */ = {
			isa = XCBuildConfiguration;
			buildSettings = {
				ALWAYS_SEARCH_USER_PATHS = NO;
				CLANG_ANALYZER_NONNULL = YES;
				CLANG_ANALYZER_NUMBER_OBJECT_CONVERSION = YES_AGGRESSIVE;
				CLANG_CXX_LANGUAGE_STANDARD = "gnu++14";
				CLANG_CXX_LIBRARY = "libc++";
				CLANG_ENABLE_MODULES = YES;
				CLANG_ENABLE_OBJC_ARC = YES;
				CLANG_WARN_BLOCK_CAPTURE_AUTORELEASING = YES;
				CLANG_WARN_BOOL_CONVERSION = YES;
				CLANG_WARN_COMMA = YES;
				CLANG_WARN_CONSTANT_CONVERSION = YES;
				CLANG_WARN_DIRECT_OBJC_ISA_USAGE = YES_ERROR;
				CLANG_WARN_DOCUMENTATION_COMMENTS = YES;
				CLANG_WARN_EMPTY_BODY = YES;
				CLANG_WARN_ENUM_CONVERSION = YES;
				CLANG_WARN_INFINITE_RECURSION = YES;
				CLANG_WARN_INT_CONVERSION = YES;
				CLANG_WARN_NON_LITERAL_NULL_CONVERSION = YES;
				CLANG_WARN_OBJC_LITERAL_CONVERSION = YES;
				CLANG_WARN_OBJC_ROOT_CLASS = YES_ERROR;
				CLANG_WARN_RANGE_LOOP_ANALYSIS = YES;
				CLANG_WARN_STRICT_PROTOTYPES = YES;
				CLANG_WARN_SUSPICIOUS_MOVE = YES;
				CLANG_WARN_UNGUARDED_AVAILABILITY = YES_AGGRESSIVE;
				CLANG_WARN_UNREACHABLE_CODE = YES;
				CLANG_WARN__DUPLICATE_METHOD_MATCH = YES;
				CODE_SIGN_IDENTITY = "iPhone Developer";
				COPY_PHASE_STRIP = NO;
				DEBUG_INFORMATION_FORMAT = "dwarf-with-dsym";
				ENABLE_NS_ASSERTIONS = NO;
				ENABLE_STRICT_OBJC_MSGSEND = YES;
				GCC_C_LANGUAGE_STANDARD = gnu11;
				GCC_NO_COMMON_BLOCKS = YES;
				GCC_WARN_64_TO_32_BIT_CONVERSION = YES;
				GCC_WARN_ABOUT_RETURN_TYPE = YES_ERROR;
				GCC_WARN_UNDECLARED_SELECTOR = YES;
				GCC_WARN_UNINITIALIZED_AUTOS = YES_AGGRESSIVE;
				GCC_WARN_UNUSED_FUNCTION = YES;
				GCC_WARN_UNUSED_VARIABLE = YES;
				IPHONEOS_DEPLOYMENT_TARGET = 11.2;
				MTL_ENABLE_DEBUG_INFO = NO;
				SDKROOT = iphoneos;
				SWIFT_OPTIMIZATION_LEVEL = "-Owholemodule";
				VALIDATE_PRODUCT = YES;
			};
			name = Release;
		};
		57688690202E21ED001FBE75 /* Debug */ = {
			isa = XCBuildConfiguration;
			buildSettings = {
				ASSETCATALOG_COMPILER_APPICON_NAME = AppIcon;
				CODE_SIGN_STYLE = Automatic;
				INFOPLIST_FILE = ChillZone/Info.plist;
				LD_RUNPATH_SEARCH_PATHS = "$(inherited) @executable_path/Frameworks";
				PRODUCT_BUNDLE_IDENTIFIER = k.ChillZone;
				PRODUCT_NAME = "$(TARGET_NAME)";
				SWIFT_VERSION = 4.0;
				TARGETED_DEVICE_FAMILY = "1,2";
			};
			name = Debug;
		};
		57688691202E21ED001FBE75 /* Release */ = {
			isa = XCBuildConfiguration;
			buildSettings = {
				ASSETCATALOG_COMPILER_APPICON_NAME = AppIcon;
				CODE_SIGN_STYLE = Automatic;
				INFOPLIST_FILE = ChillZone/Info.plist;
				LD_RUNPATH_SEARCH_PATHS = "$(inherited) @executable_path/Frameworks";
				PRODUCT_BUNDLE_IDENTIFIER = k.ChillZone;
				PRODUCT_NAME = "$(TARGET_NAME)";
				SWIFT_VERSION = 4.0;
				TARGETED_DEVICE_FAMILY = "1,2";
			};
			name = Release;
		};
		57688693202E21ED001FBE75 /* Debug */ = {
			isa = XCBuildConfiguration;
			buildSettings = {
				ALWAYS_EMBED_SWIFT_STANDARD_LIBRARIES = YES;
				BUNDLE_LOADER = "$(TEST_HOST)";
				CODE_SIGN_STYLE = Automatic;
				INFOPLIST_FILE = ChillZoneTests/Info.plist;
				LD_RUNPATH_SEARCH_PATHS = "$(inherited) @executable_path/Frameworks @loader_path/Frameworks";
				PRODUCT_BUNDLE_IDENTIFIER = k.ChillZoneTests;
				PRODUCT_NAME = "$(TARGET_NAME)";
				SWIFT_VERSION = 4.0;
				TARGETED_DEVICE_FAMILY = "1,2";
				TEST_HOST = "$(BUILT_PRODUCTS_DIR)/ChillZone.app/ChillZone";
			};
			name = Debug;
		};
		57688694202E21ED001FBE75 /* Release */ = {
			isa = XCBuildConfiguration;
			buildSettings = {
				ALWAYS_EMBED_SWIFT_STANDARD_LIBRARIES = YES;
				BUNDLE_LOADER = "$(TEST_HOST)";
				CODE_SIGN_STYLE = Automatic;
				INFOPLIST_FILE = ChillZoneTests/Info.plist;
				LD_RUNPATH_SEARCH_PATHS = "$(inherited) @executable_path/Frameworks @loader_path/Frameworks";
				PRODUCT_BUNDLE_IDENTIFIER = k.ChillZoneTests;
				PRODUCT_NAME = "$(TARGET_NAME)";
				SWIFT_VERSION = 4.0;
				TARGETED_DEVICE_FAMILY = "1,2";
				TEST_HOST = "$(BUILT_PRODUCTS_DIR)/ChillZone.app/ChillZone";
			};
			name = Release;
		};
		57688696202E21ED001FBE75 /* Debug */ = {
			isa = XCBuildConfiguration;
			buildSettings = {
				ALWAYS_EMBED_SWIFT_STANDARD_LIBRARIES = YES;
				CODE_SIGN_STYLE = Automatic;
				INFOPLIST_FILE = ChillZoneUITests/Info.plist;
				LD_RUNPATH_SEARCH_PATHS = "$(inherited) @executable_path/Frameworks @loader_path/Frameworks";
				PRODUCT_BUNDLE_IDENTIFIER = k.ChillZoneUITests;
				PRODUCT_NAME = "$(TARGET_NAME)";
				SWIFT_VERSION = 4.0;
				TARGETED_DEVICE_FAMILY = "1,2";
				TEST_TARGET_NAME = ChillZone;
			};
			name = Debug;
		};
		57688697202E21ED001FBE75 /* Release */ = {
			isa = XCBuildConfiguration;
			buildSettings = {
				ALWAYS_EMBED_SWIFT_STANDARD_LIBRARIES = YES;
				CODE_SIGN_STYLE = Automatic;
				INFOPLIST_FILE = ChillZoneUITests/Info.plist;
				LD_RUNPATH_SEARCH_PATHS = "$(inherited) @executable_path/Frameworks @loader_path/Frameworks";
				PRODUCT_BUNDLE_IDENTIFIER = k.ChillZoneUITests;
				PRODUCT_NAME = "$(TARGET_NAME)";
				SWIFT_VERSION = 4.0;
				TARGETED_DEVICE_FAMILY = "1,2";
				TEST_TARGET_NAME = ChillZone;
			};
			name = Release;
		};
/* End XCBuildConfiguration section */

/* Begin XCConfigurationList section */
		57688662202E21EC001FBE75 /* Build configuration list for PBXProject "ChillZone" */ = {
			isa = XCConfigurationList;
			buildConfigurations = (
				5768868D202E21ED001FBE75 /* Debug */,
				5768868E202E21ED001FBE75 /* Release */,
			);
			defaultConfigurationIsVisible = 0;
			defaultConfigurationName = Release;
		};
		5768868F202E21ED001FBE75 /* Build configuration list for PBXNativeTarget "ChillZone" */ = {
			isa = XCConfigurationList;
			buildConfigurations = (
				57688690202E21ED001FBE75 /* Debug */,
				57688691202E21ED001FBE75 /* Release */,
			);
			defaultConfigurationIsVisible = 0;
			defaultConfigurationName = Release;
		};
		57688692202E21ED001FBE75 /* Build configuration list for PBXNativeTarget "ChillZoneTests" */ = {
			isa = XCConfigurationList;
			buildConfigurations = (
				57688693202E21ED001FBE75 /* Debug */,
				57688694202E21ED001FBE75 /* Release */,
			);
			defaultConfigurationIsVisible = 0;
			defaultConfigurationName = Release;
		};
		57688695202E21ED001FBE75 /* Build configuration list for PBXNativeTarget "ChillZoneUITests" */ = {
			isa = XCConfigurationList;
			buildConfigurations = (
				57688696202E21ED001FBE75 /* Debug */,
				57688697202E21ED001FBE75 /* Release */,
			);
			defaultConfigurationIsVisible = 0;
			defaultConfigurationName = Release;
		};
/* End XCConfigurationList section */
	};
	rootObject = 5768865F202E21EC001FBE75 /* Project object */;
}
